
Microsoft Visual Studio Solution File, Format Version 12.00
# Visual Studio Version 17
VisualStudioVersion = 17.11.35312.102
MinimumVisualStudioVersion = 10.0.40219.1
Project("{FAE04EC0-301F-11D3-BF4B-00C04F79EFBC}") = "RoSploit X", "RoSploit X\RoSploit X.csproj", "{52F328BC-5CB2-488F-A4CC-5E4569282810}"
EndProject
Global
	GlobalSection(SolutionConfigurationPlatforms) = preSolution
		Debug|Any CPU = Debug|Any CPU
		Release|Any CPU = Release|Any CPU
	EndGlobalSection
	GlobalSection(ProjectConfigurationPlatforms) = postSolution
		{52F328BC-5CB2-488F-A4CC-5E4569282810}.Debug|Any CPU.ActiveCfg = Debug|Any CPU
		{52F328BC-5CB2-488F-A4CC-5E4569282810}.Debug|Any CPU.Build.0 = Debug|Any CPU
		{52F328BC-5CB2-488F-A4CC-5E4569282810}.Release|Any CPU.ActiveCfg = Release|Any CPU
		{52F328BC-5CB2-488F-A4CC-5E4569282810}.Release|Any CPU.Build.0 = Release|Any CPU
	EndGlobalSection
	GlobalSection(SolutionProperties) = preSolution
		HideSolutionNode = FALSE
	EndGlobalSection
	GlobalSection(ExtensibilityGlobals) = postSolution
		SolutionGuid = {15143BF3-58E9-459A-A0B2-242F2F029C63}
	EndGlobalSection
EndGlobal
